{
    "_readme": [
        "This file locks the dependencies of your project to a known state",
        "Read more about it at https://getcomposer.org/doc/01-basic-usage.md#composer-lock-the-lock-file",
        "This file is @generated automatically"
    ],
    "content-hash": "02220c2a6087d409a5e53060ee20c47e",
    "packages": [
        {
            "name": "daita/my-small-php-tools",
            "version": "dev-master",
            "source": {
                "type": "git",
                "url": "https://github.com/daita/my-small-php-tools.git",
                "reference": "f13fb739ffc13c6843e34628dcd3a251a619ee02"
            },
            "dist": {
                "type": "zip",
                "url": "https://api.github.com/repos/daita/my-small-php-tools/zipball/f13fb739ffc13c6843e34628dcd3a251a619ee02",
                "reference": "f13fb739ffc13c6843e34628dcd3a251a619ee02",
                "shasum": ""
            },
            "require": {
                "php": "^7.0"
            },
            "type": "library",
            "notification-url": "https://packagist.org/downloads/",
            "license": [
                "AGPL-3.0-or-later"
            ],
            "authors": [
                {
                    "name": "Maxence Lange",
                    "email": "maxence@artificial-owl.com"
                }
            ],
            "description": "My small PHP Tools",
            "time": "2018-10-11T14:02:16+00:00"
        }
    ],
    "packages-dev": [],
    "aliases": [],
    "minimum-stability": "stable",
    "stability-flags": {
        "daita/my-small-php-tools": 20
    },
    "prefer-stable": false,
    "prefer-lowest": false,
    "platform": [],
    "platform-dev": []
}
